
Microsoft Visual Studio Solution File, Format Version 12.00
# Visual Studio 15
VisualStudioVersion = 15.0.27004.2005
MinimumVisualStudioVersion = 10.0.40219.1
Project("{8BC9CEB8-8B4A-11D0-8D11-00A0C91BC942}") = "Test", "Test\Test.vcxproj", "{6B402D5F-ED22-45FF-A644-C5EAD0AEA36C}"
	ProjectSection(ProjectDependencies) = postProject
		{CD971CEE-EB5E-4844-B6AB-17B08B502162} = {CD971CEE-EB5E-4844-B6AB-17B08B502162}
	EndProjectSection
EndProject
Project("{8BC9CEB8-8B4A-11D0-8D11-00A0C91BC942}") = "Engine", "Engine\Engine.vcxproj", "{CD971CEE-EB5E-4844-B6AB-17B08B502162}"
EndProject
Project("{8BC9CEB8-8B4A-11D0-8D11-00A0C91BC942}") = "MathUnitTest", "MathUnitTest\MathUnitTest.vcxproj", "{AE12EF82-DEDF-4602-B189-1F372F90A041}"
	ProjectSection(ProjectDependencies) = postProject
		{CD971CEE-EB5E-4844-B6AB-17B08B502162} = {CD971CEE-EB5E-4844-B6AB-17B08B502162}
	EndProjectSection
EndProject
Project("{8BC9CEB8-8B4A-11D0-8D11-00A0C91BC942}") = "MemoryUnitTest", "MemoryUnitTest\MemoryUnitTest.vcxproj", "{11C6CAD1-0820-4C9F-9F41-D0AE6C3FCF40}"
	ProjectSection(ProjectDependencies) = postProject
		{CD971CEE-EB5E-4844-B6AB-17B08B502162} = {CD971CEE-EB5E-4844-B6AB-17B08B502162}
	EndProjectSection
EndProject
Project("{8BC9CEB8-8B4A-11D0-8D11-00A0C91BC942}") = "WaterSim", "WaterSim\WaterSim.vcxproj", "{0DD0DCA1-FF23-42D0-8AA8-6E9B0CDAFADA}"
	ProjectSection(ProjectDependencies) = postProject
		{CD971CEE-EB5E-4844-B6AB-17B08B502162} = {CD971CEE-EB5E-4844-B6AB-17B08B502162}
	EndProjectSection
EndProject
Project("{8BC9CEB8-8B4A-11D0-8D11-00A0C91BC942}") = "DetailMapping", "DetailMapping\DetailMapping.vcxproj", "{A25FAC8A-4D8A-4A01-A394-100743B57D88}"
	ProjectSection(ProjectDependencies) = postProject
		{CD971CEE-EB5E-4844-B6AB-17B08B502162} = {CD971CEE-EB5E-4844-B6AB-17B08B502162}
	EndProjectSection
EndProject
Project("{8BC9CEB8-8B4A-11D0-8D11-00A0C91BC942}") = "ImageEffect", "ImageEffect\ImageEffect.vcxproj", "{D6A11498-4FE2-4D35-8C88-0D17688290AE}"
	ProjectSection(ProjectDependencies) = postProject
		{CD971CEE-EB5E-4844-B6AB-17B08B502162} = {CD971CEE-EB5E-4844-B6AB-17B08B502162}
	EndProjectSection
EndProject
Global
	GlobalSection(SolutionConfigurationPlatforms) = preSolution
		Debug|x64 = Debug|x64
		Debug|x86 = Debug|x86
		Release|x64 = Release|x64
		Release|x86 = Release|x86
	EndGlobalSection
	GlobalSection(ProjectConfigurationPlatforms) = postSolution
		{6B402D5F-ED22-45FF-A644-C5EAD0AEA36C}.Debug|x64.ActiveCfg = Debug|x64
		{6B402D5F-ED22-45FF-A644-C5EAD0AEA36C}.Debug|x64.Build.0 = Debug|x64
		{6B402D5F-ED22-45FF-A644-C5EAD0AEA36C}.Debug|x86.ActiveCfg = Debug|Win32
		{6B402D5F-ED22-45FF-A644-C5EAD0AEA36C}.Debug|x86.Build.0 = Debug|Win32
		{6B402D5F-ED22-45FF-A644-C5EAD0AEA36C}.Release|x64.ActiveCfg = Release|x64
		{6B402D5F-ED22-45FF-A644-C5EAD0AEA36C}.Release|x64.Build.0 = Release|x64
		{6B402D5F-ED22-45FF-A644-C5EAD0AEA36C}.Release|x86.ActiveCfg = Release|Win32
		{6B402D5F-ED22-45FF-A644-C5EAD0AEA36C}.Release|x86.Build.0 = Release|Win32
		{CD971CEE-EB5E-4844-B6AB-17B08B502162}.Debug|x64.ActiveCfg = Debug|x64
		{CD971CEE-EB5E-4844-B6AB-17B08B502162}.Debug|x64.Build.0 = Debug|x64
		{CD971CEE-EB5E-4844-B6AB-17B08B502162}.Debug|x86.ActiveCfg = Debug|Win32
		{CD971CEE-EB5E-4844-B6AB-17B08B502162}.Debug|x86.Build.0 = Debug|Win32
		{CD971CEE-EB5E-4844-B6AB-17B08B502162}.Release|x64.ActiveCfg = Release|x64
		{CD971CEE-EB5E-4844-B6AB-17B08B502162}.Release|x64.Build.0 = Release|x64
		{CD971CEE-EB5E-4844-B6AB-17B08B502162}.Release|x86.ActiveCfg = Release|Win32
		{CD971CEE-EB5E-4844-B6AB-17B08B502162}.Release|x86.Build.0 = Release|Win32
		{AE12EF82-DEDF-4602-B189-1F372F90A041}.Debug|x64.ActiveCfg = Debug|x64
		{AE12EF82-DEDF-4602-B189-1F372F90A041}.Debug|x64.Build.0 = Debug|x64
		{AE12EF82-DEDF-4602-B189-1F372F90A041}.Debug|x86.ActiveCfg = Debug|Win32
		{AE12EF82-DEDF-4602-B189-1F372F90A041}.Debug|x86.Build.0 = Debug|Win32
		{AE12EF82-DEDF-4602-B189-1F372F90A041}.Release|x64.ActiveCfg = Release|x64
		{AE12EF82-DEDF-4602-B189-1F372F90A041}.Release|x64.Build.0 = Release|x64
		{AE12EF82-DEDF-4602-B189-1F372F90A041}.Release|x86.ActiveCfg = Release|Win32
		{AE12EF82-DEDF-4602-B189-1F372F90A041}.Release|x86.Build.0 = Release|Win32
		{11C6CAD1-0820-4C9F-9F41-D0AE6C3FCF40}.Debug|x64.ActiveCfg = Debug|x64
		{11C6CAD1-0820-4C9F-9F41-D0AE6C3FCF40}.Debug|x64.Build.0 = Debug|x64
		{11C6CAD1-0820-4C9F-9F41-D0AE6C3FCF40}.Debug|x86.ActiveCfg = Debug|Win32
		{11C6CAD1-0820-4C9F-9F41-D0AE6C3FCF40}.Debug|x86.Build.0 = Debug|Win32
		{11C6CAD1-0820-4C9F-9F41-D0AE6C3FCF40}.Release|x64.ActiveCfg = Release|x64
		{11C6CAD1-0820-4C9F-9F41-D0AE6C3FCF40}.Release|x64.Build.0 = Release|x64
		{11C6CAD1-0820-4C9F-9F41-D0AE6C3FCF40}.Release|x86.ActiveCfg = Release|Win32
		{11C6CAD1-0820-4C9F-9F41-D0AE6C3FCF40}.Release|x86.Build.0 = Release|Win32
		{0DD0DCA1-FF23-42D0-8AA8-6E9B0CDAFADA}.Debug|x64.ActiveCfg = Debug|x64
		{0DD0DCA1-FF23-42D0-8AA8-6E9B0CDAFADA}.Debug|x64.Build.0 = Debug|x64
		{0DD0DCA1-FF23-42D0-8AA8-6E9B0CDAFADA}.Debug|x86.ActiveCfg = Debug|Win32
		{0DD0DCA1-FF23-42D0-8AA8-6E9B0CDAFADA}.Debug|x86.Build.0 = Debug|Win32
		{0DD0DCA1-FF23-42D0-8AA8-6E9B0CDAFADA}.Release|x64.ActiveCfg = Release|x64
		{0DD0DCA1-FF23-42D0-8AA8-6E9B0CDAFADA}.Release|x64.Build.0 = Release|x64
		{0DD0DCA1-FF23-42D0-8AA8-6E9B0CDAFADA}.Release|x86.ActiveCfg = Release|Win32
		{0DD0DCA1-FF23-42D0-8AA8-6E9B0CDAFADA}.Release|x86.Build.0 = Release|Win32
		{A25FAC8A-4D8A-4A01-A394-100743B57D88}.Debug|x64.ActiveCfg = Debug|x64
		{A25FAC8A-4D8A-4A01-A394-100743B57D88}.Debug|x64.Build.0 = Debug|x64
		{A25FAC8A-4D8A-4A01-A394-100743B57D88}.Debug|x86.ActiveCfg = Debug|Win32
		{A25FAC8A-4D8A-4A01-A394-100743B57D88}.Debug|x86.Build.0 = Debug|Win32
		{A25FAC8A-4D8A-4A01-A394-100743B57D88}.Release|x64.ActiveCfg = Release|x64
		{A25FAC8A-4D8A-4A01-A394-100743B57D88}.Release|x64.Build.0 = Release|x64
		{A25FAC8A-4D8A-4A01-A394-100743B57D88}.Release|x86.ActiveCfg = Release|Win32
		{A25FAC8A-4D8A-4A01-A394-100743B57D88}.Release|x86.Build.0 = Release|Win32
		{D6A11498-4FE2-4D35-8C88-0D17688290AE}.Debug|x64.ActiveCfg = Debug|x64
		{D6A11498-4FE2-4D35-8C88-0D17688290AE}.Debug|x64.Build.0 = Debug|x64
		{D6A11498-4FE2-4D35-8C88-0D17688290AE}.Debug|x86.ActiveCfg = Debug|Win32
		{D6A11498-4FE2-4D35-8C88-0D17688290AE}.Debug|x86.Build.0 = Debug|Win32
		{D6A11498-4FE2-4D35-8C88-0D17688290AE}.Release|x64.ActiveCfg = Release|x64
		{D6A11498-4FE2-4D35-8C88-0D17688290AE}.Release|x64.Build.0 = Release|x64
		{D6A11498-4FE2-4D35-8C88-0D17688290AE}.Release|x86.ActiveCfg = Release|Win32
		{D6A11498-4FE2-4D35-8C88-0D17688290AE}.Release|x86.Build.0 = Release|Win32
	EndGlobalSection
	GlobalSection(SolutionProperties) = preSolution
		HideSolutionNode = FALSE
	EndGlobalSection
	GlobalSection(ExtensibilityGlobals) = postSolution
		SolutionGuid = {AA8B0D52-A115-4B3A-BD64-E3E04300420B}
	EndGlobalSection
EndGlobal
